
Microsoft Visual Studio Solution File, Format Version 12.00
# Visual Studio 14
VisualStudioVersion = 14.0.24720.0
MinimumVisualStudioVersion = 10.0.40219.1
Project("{FAE04EC0-301F-11D3-BF4B-00C04F79EFBC}") = "AdvertApp", "AdvertApp\AdvertApp.csproj", "{E1DAC519-BD84-4443-85E0-5864F34D2F78}"
EndProject
Project("{FAE04EC0-301F-11D3-BF4B-00C04F79EFBC}") = "Common", "Common\Common.csproj", "{ED9DFD5C-7F09-4FC9-A5F6-A96449AF13D0}"
EndProject
Project("{FAE04EC0-301F-11D3-BF4B-00C04F79EFBC}") = "Models", "Models\Models.csproj", "{1205099F-31A7-4DA3-8734-ABA5E8D8ADE0}"
EndProject
Project("{FAE04EC0-301F-11D3-BF4B-00C04F79EFBC}") = "Repositories", "Repositories\Repositories.csproj", "{58F95D37-33AE-483A-87C0-36F94087C446}"
EndProject
Project("{FAE04EC0-301F-11D3-BF4B-00C04F79EFBC}") = "Mappers", "Mappers\Mappers.csproj", "{B03F8EF2-D1A2-47CC-BD9A-71167F4A3827}"
EndProject
Project("{FAE04EC0-301F-11D3-BF4B-00C04F79EFBC}") = "Services", "Services\Services.csproj", "{35BE8A66-01C9-4CE4-B1FD-603D10BD7DD4}"
EndProject
Global
	GlobalSection(SolutionConfigurationPlatforms) = preSolution
		Debug|Any CPU = Debug|Any CPU
		Release|Any CPU = Release|Any CPU
	EndGlobalSection
	GlobalSection(ProjectConfigurationPlatforms) = postSolution
		{E1DAC519-BD84-4443-85E0-5864F34D2F78}.Debug|Any CPU.ActiveCfg = Debug|Any CPU
		{E1DAC519-BD84-4443-85E0-5864F34D2F78}.Debug|Any CPU.Build.0 = Debug|Any CPU
		{E1DAC519-BD84-4443-85E0-5864F34D2F78}.Release|Any CPU.ActiveCfg = Release|Any CPU
		{E1DAC519-BD84-4443-85E0-5864F34D2F78}.Release|Any CPU.Build.0 = Release|Any CPU
		{ED9DFD5C-7F09-4FC9-A5F6-A96449AF13D0}.Debug|Any CPU.ActiveCfg = Debug|Any CPU
		{ED9DFD5C-7F09-4FC9-A5F6-A96449AF13D0}.Debug|Any CPU.Build.0 = Debug|Any CPU
		{ED9DFD5C-7F09-4FC9-A5F6-A96449AF13D0}.Release|Any CPU.ActiveCfg = Release|Any CPU
		{ED9DFD5C-7F09-4FC9-A5F6-A96449AF13D0}.Release|Any CPU.Build.0 = Release|Any CPU
		{1205099F-31A7-4DA3-8734-ABA5E8D8ADE0}.Debug|Any CPU.ActiveCfg = Debug|Any CPU
		{1205099F-31A7-4DA3-8734-ABA5E8D8ADE0}.Debug|Any CPU.Build.0 = Debug|Any CPU
		{1205099F-31A7-4DA3-8734-ABA5E8D8ADE0}.Release|Any CPU.ActiveCfg = Release|Any CPU
		{1205099F-31A7-4DA3-8734-ABA5E8D8ADE0}.Release|Any CPU.Build.0 = Release|Any CPU
		{58F95D37-33AE-483A-87C0-36F94087C446}.Debug|Any CPU.ActiveCfg = Debug|Any CPU
		{58F95D37-33AE-483A-87C0-36F94087C446}.Debug|Any CPU.Build.0 = Debug|Any CPU
		{58F95D37-33AE-483A-87C0-36F94087C446}.Release|Any CPU.ActiveCfg = Release|Any CPU
		{58F95D37-33AE-483A-87C0-36F94087C446}.Release|Any CPU.Build.0 = Release|Any CPU
		{B03F8EF2-D1A2-47CC-BD9A-71167F4A3827}.Debug|Any CPU.ActiveCfg = Debug|Any CPU
		{B03F8EF2-D1A2-47CC-BD9A-71167F4A3827}.Debug|Any CPU.Build.0 = Debug|Any CPU
		{B03F8EF2-D1A2-47CC-BD9A-71167F4A3827}.Release|Any CPU.ActiveCfg = Release|Any CPU
		{B03F8EF2-D1A2-47CC-BD9A-71167F4A3827}.Release|Any CPU.Build.0 = Release|Any CPU
		{35BE8A66-01C9-4CE4-B1FD-603D10BD7DD4}.Debug|Any CPU.ActiveCfg = Debug|Any CPU
		{35BE8A66-01C9-4CE4-B1FD-603D10BD7DD4}.Debug|Any CPU.Build.0 = Debug|Any CPU
		{35BE8A66-01C9-4CE4-B1FD-603D10BD7DD4}.Release|Any CPU.ActiveCfg = Release|Any CPU
		{35BE8A66-01C9-4CE4-B1FD-603D10BD7DD4}.Release|Any CPU.Build.0 = Release|Any CPU
	EndGlobalSection
	GlobalSection(SolutionProperties) = preSolution
		HideSolutionNode = FALSE
	EndGlobalSection
EndGlobal
